
Microsoft Visual Studio Solution File, Format Version 12.00
# Visual Studio 15
VisualStudioVersion = 15.0.27703.2018
MinimumVisualStudioVersion = 10.0.40219.1
Project("{FAE04EC0-301F-11D3-BF4B-00C04F79EFBC}") = "AddTwoNumbersAndReturnSumInBinary", "AddTwoNumbersAndReturnSumInBinary\AddTwoNumbersAndReturnSumInBinary.csproj", "{98DA212A-8A4A-48D1-AB69-155662C089C8}"
EndProject
Global
	GlobalSection(SolutionConfigurationPlatforms) = preSolution
		Debug|Any CPU = Debug|Any CPU
		Release|Any CPU = Release|Any CPU
	EndGlobalSection
	GlobalSection(ProjectConfigurationPlatforms) = postSolution
		{98DA212A-8A4A-48D1-AB69-155662C089C8}.Debug|Any CPU.ActiveCfg = Debug|Any CPU
		{98DA212A-8A4A-48D1-AB69-155662C089C8}.Debug|Any CPU.Build.0 = Debug|Any CPU
		{98DA212A-8A4A-48D1-AB69-155662C089C8}.Release|Any CPU.ActiveCfg = Release|Any CPU
		{98DA212A-8A4A-48D1-AB69-155662C089C8}.Release|Any CPU.Build.0 = Release|Any CPU
	EndGlobalSection
	GlobalSection(SolutionProperties) = preSolution
		HideSolutionNode = FALSE
	EndGlobalSection
	GlobalSection(ExtensibilityGlobals) = postSolution
		SolutionGuid = {42D45E7B-86ED-4C38-AD25-4468BC10011F}
	EndGlobalSection
EndGlobal
